
Microsoft Visual Studio Solution File, Format Version 12.00
Project("{2150E333-8FDC-42A3-9474-1A3956D46DE8}") = "src", "src", "{C64210A6-AD7F-4548-B5D1-59FC37E2D55D}"
EndProject
Project("{2150E333-8FDC-42A3-9474-1A3956D46DE8}") = "Presentation", "Presentation", "{165BDE10-6A44-45D3-960C-516A33BE0284}"
EndProject
Project("{2150E333-8FDC-42A3-9474-1A3956D46DE8}") = "Core", "Core", "{A03B8B35-A26D-4D9B-926A-9F6B6D840837}"
EndProject
Project("{2150E333-8FDC-42A3-9474-1A3956D46DE8}") = "Infrastructure", "Infrastructure", "{0355199A-5E7C-4C9D-8CCA-D25B111E36A6}"
EndProject
Project("{FAE04EC0-301F-11D3-BF4B-00C04F79EFBC}") = "SuperRate.API", "SuperRate.API\SuperRate.API.csproj", "{1C015143-ED09-4318-BC1E-297465B2E393}"
EndProject
Project("{FAE04EC0-301F-11D3-BF4B-00C04F79EFBC}") = "SuperRate.Persistence", "SuperRate.Persistence\SuperRate.Persistence.csproj", "{A4888D0F-045B-49DB-A05D-6C7526B8BE55}"
EndProject
Project("{FAE04EC0-301F-11D3-BF4B-00C04F79EFBC}") = "SuperRate.Domain", "SuperRate.Domain\SuperRate.Domain.csproj", "{FAF2534F-103A-4335-9902-62FB48AEB61C}"
EndProject
Project("{FAE04EC0-301F-11D3-BF4B-00C04F79EFBC}") = "SuperRate.Application", "SuperRate.Application\SuperRate.Application.csproj", "{72F922EF-EA9D-4325-B8A5-BFB305E3A514}"
EndProject
Project("{FAE04EC0-301F-11D3-BF4B-00C04F79EFBC}") = "SuperRate.Infrastructure", "SuperRate.Infrastructure\SuperRate.Infrastructure.csproj", "{B3CF5AC4-598D-4FC3-BE4B-C53BC7D4810B}"
EndProject
Global
	GlobalSection(SolutionConfigurationPlatforms) = preSolution
		Debug|Any CPU = Debug|Any CPU
		Release|Any CPU = Release|Any CPU
	EndGlobalSection
	GlobalSection(ProjectConfigurationPlatforms) = postSolution
		{1C015143-ED09-4318-BC1E-297465B2E393}.Debug|Any CPU.ActiveCfg = Debug|Any CPU
		{1C015143-ED09-4318-BC1E-297465B2E393}.Debug|Any CPU.Build.0 = Debug|Any CPU
		{1C015143-ED09-4318-BC1E-297465B2E393}.Release|Any CPU.ActiveCfg = Release|Any CPU
		{1C015143-ED09-4318-BC1E-297465B2E393}.Release|Any CPU.Build.0 = Release|Any CPU
		{A4888D0F-045B-49DB-A05D-6C7526B8BE55}.Debug|Any CPU.ActiveCfg = Debug|Any CPU
		{A4888D0F-045B-49DB-A05D-6C7526B8BE55}.Debug|Any CPU.Build.0 = Debug|Any CPU
		{A4888D0F-045B-49DB-A05D-6C7526B8BE55}.Release|Any CPU.ActiveCfg = Release|Any CPU
		{A4888D0F-045B-49DB-A05D-6C7526B8BE55}.Release|Any CPU.Build.0 = Release|Any CPU
		{FAF2534F-103A-4335-9902-62FB48AEB61C}.Debug|Any CPU.ActiveCfg = Debug|Any CPU
		{FAF2534F-103A-4335-9902-62FB48AEB61C}.Debug|Any CPU.Build.0 = Debug|Any CPU
		{FAF2534F-103A-4335-9902-62FB48AEB61C}.Release|Any CPU.ActiveCfg = Release|Any CPU
		{FAF2534F-103A-4335-9902-62FB48AEB61C}.Release|Any CPU.Build.0 = Release|Any CPU
		{72F922EF-EA9D-4325-B8A5-BFB305E3A514}.Debug|Any CPU.ActiveCfg = Debug|Any CPU
		{72F922EF-EA9D-4325-B8A5-BFB305E3A514}.Debug|Any CPU.Build.0 = Debug|Any CPU
		{72F922EF-EA9D-4325-B8A5-BFB305E3A514}.Release|Any CPU.ActiveCfg = Release|Any CPU
		{72F922EF-EA9D-4325-B8A5-BFB305E3A514}.Release|Any CPU.Build.0 = Release|Any CPU
		{B3CF5AC4-598D-4FC3-BE4B-C53BC7D4810B}.Debug|Any CPU.ActiveCfg = Debug|Any CPU
		{B3CF5AC4-598D-4FC3-BE4B-C53BC7D4810B}.Debug|Any CPU.Build.0 = Debug|Any CPU
		{B3CF5AC4-598D-4FC3-BE4B-C53BC7D4810B}.Release|Any CPU.ActiveCfg = Release|Any CPU
		{B3CF5AC4-598D-4FC3-BE4B-C53BC7D4810B}.Release|Any CPU.Build.0 = Release|Any CPU
	EndGlobalSection
	GlobalSection(NestedProjects) = preSolution
		{165BDE10-6A44-45D3-960C-516A33BE0284} = {C64210A6-AD7F-4548-B5D1-59FC37E2D55D}
		{A03B8B35-A26D-4D9B-926A-9F6B6D840837} = {C64210A6-AD7F-4548-B5D1-59FC37E2D55D}
		{0355199A-5E7C-4C9D-8CCA-D25B111E36A6} = {C64210A6-AD7F-4548-B5D1-59FC37E2D55D}
		{1C015143-ED09-4318-BC1E-297465B2E393} = {165BDE10-6A44-45D3-960C-516A33BE0284}
		{A4888D0F-045B-49DB-A05D-6C7526B8BE55} = {0355199A-5E7C-4C9D-8CCA-D25B111E36A6}
		{FAF2534F-103A-4335-9902-62FB48AEB61C} = {A03B8B35-A26D-4D9B-926A-9F6B6D840837}
		{72F922EF-EA9D-4325-B8A5-BFB305E3A514} = {A03B8B35-A26D-4D9B-926A-9F6B6D840837}
		{B3CF5AC4-598D-4FC3-BE4B-C53BC7D4810B} = {0355199A-5E7C-4C9D-8CCA-D25B111E36A6}
	EndGlobalSection
EndGlobal
